// !$*UTF8*$!
{
	archiveVersion = 1;
	classes = {
	};
	objectVersion = 50;
	objects = {

/* Begin PBXBuildFile section */
		4E9453D52163713300D445BD /* DataSet.swift in Sources */ = {isa = PBXBuildFile; fileRef = 4E9453D42163713300D445BD /* DataSet.swift */; };
		4E9453D721639C5D00D445BD /* MainViewController.swift in Sources */ = {isa = PBXBuildFile; fileRef = 4E9453D621639C5D00D445BD /* MainViewController.swift */; };
		4E98EF082162804E001C8234 /* AppDelegate.swift in Sources */ = {isa = PBXBuildFile; fileRef = 4E98EF072162804E001C8234 /* AppDelegate.swift */; };
		4E98EF0D2162804E001C8234 /* Main.storyboard in Resources */ = {isa = PBXBuildFile; fileRef = 4E98EF0B2162804E001C8234 /* Main.storyboard */; };
		4E98EF0F21628051001C8234 /* Assets.xcassets in Resources */ = {isa = PBXBuildFile; fileRef = 4E98EF0E21628051001C8234 /* Assets.xcassets */; };
		4E98EF1221628051001C8234 /* LaunchScreen.storyboard in Resources */ = {isa = PBXBuildFile; fileRef = 4E98EF1021628051001C8234 /* LaunchScreen.storyboard */; };
		4E98EF2221629AD6001C8234 /* Page.swift in Sources */ = {isa = PBXBuildFile; fileRef = 4E98EF1E21629AD6001C8234 /* Page.swift */; };
		4E98EF2321629AD6001C8234 /* SwipingController.swift in Sources */ = {isa = PBXBuildFile; fileRef = 4E98EF1F21629AD6001C8234 /* SwipingController.swift */; };
		4E98EF2421629AD6001C8234 /* SwipingController+UICollectionView.swift in Sources */ = {isa = PBXBuildFile; fileRef = 4E98EF2021629AD6001C8234 /* SwipingController+UICollectionView.swift */; };
		4E98EF2521629AD6001C8234 /* PageCell.swift in Sources */ = {isa = PBXBuildFile; fileRef = 4E98EF2121629AD6001C8234 /* PageCell.swift */; };
		4E98EF292162ADDB001C8234 /* Extension.swift in Sources */ = {isa = PBXBuildFile; fileRef = 4E98EF282162ADDB001C8234 /* Extension.swift */; };
/* End PBXBuildFile section */

/* Begin PBXFileReference section */
		4E9453D42163713300D445BD /* DataSet.swift */ = {isa = PBXFileReference; lastKnownFileType = sourcecode.swift; path = DataSet.swift; sourceTree = "<group>"; };
		4E9453D621639C5D00D445BD /* MainViewController.swift */ = {isa = PBXFileReference; lastKnownFileType = sourcecode.swift; path = MainViewController.swift; sourceTree = "<group>"; };
		4E98EF042162804E001C8234 /* GitHub API Swift.app */ = {isa = PBXFileReference; explicitFileType = wrapper.application; includeInIndex = 0; path = "GitHub API Swift.app"; sourceTree = BUILT_PRODUCTS_DIR; };
		4E98EF072162804E001C8234 /* AppDelegate.swift */ = {isa = PBXFileReference; lastKnownFileType = sourcecode.swift; path = AppDelegate.swift; sourceTree = "<group>"; };
		4E98EF0C2162804E001C8234 /* Base */ = {isa = PBXFileReference; lastKnownFileType = file.storyboard; name = Base; path = Base.lproj/Main.storyboard; sourceTree = "<group>"; };
		4E98EF0E21628051001C8234 /* Assets.xcassets */ = {isa = PBXFileReference; lastKnownFileType = folder.assetcatalog; path = Assets.xcassets; sourceTree = "<group>"; };
		4E98EF1121628051001C8234 /* Base */ = {isa = PBXFileReference; lastKnownFileType = file.storyboard; name = Base; path = Base.lproj/LaunchScreen.storyboard; sourceTree = "<group>"; };
		4E98EF1321628051001C8234 /* Info.plist */ = {isa = PBXFileReference; lastKnownFileType = text.plist.xml; path = Info.plist; sourceTree = "<group>"; };
		4E98EF1E21629AD6001C8234 /* Page.swift */ = {isa = PBXFileReference; fileEncoding = 4; lastKnownFileType = sourcecode.swift; path = Page.swift; sourceTree = "<group>"; };
		4E98EF1F21629AD6001C8234 /* SwipingController.swift */ = {isa = PBXFileReference; fileEncoding = 4; lastKnownFileType = sourcecode.swift; path = SwipingController.swift; sourceTree = "<group>"; };
		4E98EF2021629AD6001C8234 /* SwipingController+UICollectionView.swift */ = {isa = PBXFileReference; fileEncoding = 4; lastKnownFileType = sourcecode.swift; path = "SwipingController+UICollectionView.swift"; sourceTree = "<group>"; };
		4E98EF2121629AD6001C8234 /* PageCell.swift */ = {isa = PBXFileReference; fileEncoding = 4; lastKnownFileType = sourcecode.swift; path = PageCell.swift; sourceTree = "<group>"; };
		4E98EF282162ADDB001C8234 /* Extension.swift */ = {isa = PBXFileReference; lastKnownFileType = sourcecode.swift; path = Extension.swift; sourceTree = "<group>"; };
/* End PBXFileReference section */

/* Begin PBXFrameworksBuildPhase section */
		4E98EF012162804E001C8234 /* Frameworks */ = {
			isa = PBXFrameworksBuildPhase;
			buildActionMask = 2147483647;
			files = (
			);
			runOnlyForDeploymentPostprocessing = 0;
		};
/* End PBXFrameworksBuildPhase section */

/* Begin PBXGroup section */
		4E98EEFB2162804E001C8234 = {
			isa = PBXGroup;
			children = (
				4E98EF062162804E001C8234 /* GitHub API Swift */,
				4E98EF052162804E001C8234 /* Products */,
			);
			sourceTree = "<group>";
		};
		4E98EF052162804E001C8234 /* Products */ = {
			isa = PBXGroup;
			children = (
				4E98EF042162804E001C8234 /* GitHub API Swift.app */,
			);
			name = Products;
			sourceTree = "<group>";
		};
		4E98EF062162804E001C8234 /* GitHub API Swift */ = {
			isa = PBXGroup;
			children = (
				4E98EF072162804E001C8234 /* AppDelegate.swift */,
				4E98EF1E21629AD6001C8234 /* Page.swift */,
				4E98EF2121629AD6001C8234 /* PageCell.swift */,
				4E98EF1F21629AD6001C8234 /* SwipingController.swift */,
				4E98EF2021629AD6001C8234 /* SwipingController+UICollectionView.swift */,
				4E9453D42163713300D445BD /* DataSet.swift */,
				4E98EF282162ADDB001C8234 /* Extension.swift */,
				4E9453D621639C5D00D445BD /* MainViewController.swift */,
				4E98EF0B2162804E001C8234 /* Main.storyboard */,
				4E98EF0E21628051001C8234 /* Assets.xcassets */,
				4E98EF1021628051001C8234 /* LaunchScreen.storyboard */,
				4E98EF1321628051001C8234 /* Info.plist */,
			);
			path = "GitHub API Swift";
			sourceTree = "<group>";
		};
/* End PBXGroup section */

/* Begin PBXNativeTarget section */
		4E98EF032162804E001C8234 /* GitHub API Swift */ = {
			isa = PBXNativeTarget;
			buildConfigurationList = 4E98EF1621628051001C8234 /* Build configuration list for PBXNativeTarget "GitHub API Swift" */;
			buildPhases = (
				4E98EF002162804E001C8234 /* Sources */,
				4E98EF012162804E001C8234 /* Frameworks */,
				4E98EF022162804E001C8234 /* Resources */,
			);
			buildRules = (
			);
			dependencies = (
			);
			name = "GitHub API Swift";
			productName = "GitHub API Swift";
			productReference = 4E98EF042162804E001C8234 /* GitHub API Swift.app */;
			productType = "com.apple.product-type.application";
		};
/* End PBXNativeTarget section */

/* Begin PBXProject section */
		4E98EEFC2162804E001C8234 /* Project object */ = {
			isa = PBXProject;
			attributes = {
				LastSwiftUpdateCheck = 0930;
				LastUpgradeCheck = 0930;
				ORGANIZATIONNAME = "Andreas Velounias";
				TargetAttributes = {
					4E98EF032162804E001C8234 = {
						CreatedOnToolsVersion = 9.3;
					};
				};
			};
			buildConfigurationList = 4E98EEFF2162804E001C8234 /* Build configuration list for PBXProject "GitHub API Swift" */;
			compatibilityVersion = "Xcode 9.3";
			developmentRegion = en;
			hasScannedForEncodings = 0;
			knownRegions = (
				en,
				Base,
			);
			mainGroup = 4E98EEFB2162804E001C8234;
			productRefGroup = 4E98EF052162804E001C8234 /* Products */;
			projectDirPath = "";
			projectRoot = "";
			targets = (
				4E98EF032162804E001C8234 /* GitHub API Swift */,
			);
		};
/* End PBXProject section */

/* Begin PBXResourcesBuildPhase section */
		4E98EF022162804E001C8234 /* Resources */ = {
			isa = PBXResourcesBuildPhase;
			buildActionMask = 2147483647;
			files = (
				4E98EF1221628051001C8234 /* LaunchScreen.storyboard in Resources */,
				4E98EF0F21628051001C8234 /* Assets.xcassets in Resources */,
				4E98EF0D2162804E001C8234 /* Main.storyboard in Resources */,
			);
			runOnlyForDeploymentPostprocessing = 0;
		};
/* End PBXResourcesBuildPhase section */

/* Begin PBXSourcesBuildPhase section */
		4E98EF002162804E001C8234 /* Sources */ = {
			isa = PBXSourcesBuildPhase;
			buildActionMask = 2147483647;
			files = (
				4E98EF082162804E001C8234 /* AppDelegate.swift in Sources */,
				4E98EF2421629AD6001C8234 /* SwipingController+UICollectionView.swift in Sources */,
				4E98EF2221629AD6001C8234 /* Page.swift in Sources */,
				4E98EF292162ADDB001C8234 /* Extension.swift in Sources */,
				4E98EF2521629AD6001C8234 /* PageCell.swift in Sources */,
				4E9453D52163713300D445BD /* DataSet.swift in Sources */,
				4E98EF2321629AD6001C8234 /* SwipingController.swift in Sources */,
				4E9453D721639C5D00D445BD /* MainViewController.swift in Sources */,
			);
			runOnlyForDeploymentPostprocessing = 0;
		};
/* End PBXSourcesBuildPhase section */

/* Begin PBXVariantGroup section */
		4E98EF0B2162804E001C8234 /* Main.storyboard */ = {
			isa = PBXVariantGroup;
			children = (
				4E98EF0C2162804E001C8234 /* Base */,
			);
			name = Main.storyboard;
			sourceTree = "<group>";
		};
		4E98EF1021628051001C8234 /* LaunchScreen.storyboard */ = {
			isa = PBXVariantGroup;
			children = (
				4E98EF1121628051001C8234 /* Base */,
			);
			name = LaunchScreen.storyboard;
			sourceTree = "<group>";
		};
/* End PBXVariantGroup section */

/* Begin XCBuildConfiguration section */
		4E98EF1421628051001C8234 /* Debug */ = {
			isa = XCBuildConfiguration;
			buildSettings = {
				ALWAYS_SEARCH_USER_PATHS = NO;
				CLANG_ANALYZER_NONNULL = YES;
				CLANG_ANALYZER_NUMBER_OBJECT_CONVERSION = YES_AGGRESSIVE;
				CLANG_CXX_LANGUAGE_STANDARD = "gnu++14";
				CLANG_CXX_LIBRARY = "libc++";
				CLANG_ENABLE_MODULES = YES;
				CLANG_ENABLE_OBJC_ARC = YES;
				CLANG_ENABLE_OBJC_WEAK = YES;
				CLANG_WARN_BLOCK_CAPTURE_AUTORELEASING = YES;
				CLANG_WARN_BOOL_CONVERSION = YES;
				CLANG_WARN_COMMA = YES;
				CLANG_WARN_CONSTANT_CONVERSION = YES;
				CLANG_WARN_DEPRECATED_OBJC_IMPLEMENTATIONS = YES;
				CLANG_WARN_DIRECT_OBJC_ISA_USAGE = YES_ERROR;
				CLANG_WARN_DOCUMENTATION_COMMENTS = YES;
				CLANG_WARN_EMPTY_BODY = YES;
				CLANG_WARN_ENUM_CONVERSION = YES;
				CLANG_WARN_INFINITE_RECURSION = YES;
				CLANG_WARN_INT_CONVERSION = YES;
				CLANG_WARN_NON_LITERAL_NULL_CONVERSION = YES;
				CLANG_WARN_OBJC_IMPLICIT_RETAIN_SELF = YES;
				CLANG_WARN_OBJC_LITERAL_CONVERSION = YES;
				CLANG_WARN_OBJC_ROOT_CLASS = YES_ERROR;
				CLANG_WARN_RANGE_LOOP_ANALYSIS = YES;
				CLANG_WARN_STRICT_PROTOTYPES = YES;
				CLANG_WARN_SUSPICIOUS_MOVE = YES;
				CLANG_WARN_UNGUARDED_AVAILABILITY = YES_AGGRESSIVE;
				CLANG_WARN_UNREACHABLE_CODE = YES;
				CLANG_WARN__DUPLICATE_METHOD_MATCH = YES;
				CODE_SIGN_IDENTITY = "iPhone Developer";
				COPY_PHASE_STRIP = NO;
				DEBUG_INFORMATION_FORMAT = dwarf;
				ENABLE_STRICT_OBJC_MSGSEND = YES;
				ENABLE_TESTABILITY = YES;
				GCC_C_LANGUAGE_STANDARD = gnu11;
				GCC_DYNAMIC_NO_PIC = NO;
				GCC_NO_COMMON_BLOCKS = YES;
				GCC_OPTIMIZATION_LEVEL = 0;
				GCC_PREPROCESSOR_DEFINITIONS = (
					"DEBUG=1",
					"$(inherited)",
				);
				GCC_WARN_64_TO_32_BIT_CONVERSION = YES;
				GCC_WARN_ABOUT_RETURN_TYPE = YES_ERROR;
				GCC_WARN_UNDECLARED_SELECTOR = YES;
				GCC_WARN_UNINITIALIZED_AUTOS = YES_AGGRESSIVE;
				GCC_WARN_UNUSED_FUNCTION = YES;
				GCC_WARN_UNUSED_VARIABLE = YES;
				IPHONEOS_DEPLOYMENT_TARGET = 11.3;
				MTL_ENABLE_DEBUG_INFO = YES;
				ONLY_ACTIVE_ARCH = YES;
				SDKROOT = iphoneos;
				SWIFT_ACTIVE_COMPILATION_CONDITIONS = DEBUG;
				SWIFT_OPTIMIZATION_LEVEL = "-Onone";
			};
			name = Debug;
		};
		4E98EF1521628051001C8234 /* Release */ = {
			isa = XCBuildConfiguration;
			buildSettings = {
				ALWAYS_SEARCH_USER_PATHS = NO;
				CLANG_ANALYZER_NONNULL = YES;
				CLANG_ANALYZER_NUMBER_OBJECT_CONVERSION = YES_AGGRESSIVE;
				CLANG_CXX_LANGUAGE_STANDARD = "gnu++14";
				CLANG_CXX_LIBRARY = "libc++";
				CLANG_ENABLE_MODULES = YES;
				CLANG_ENABLE_OBJC_ARC = YES;
				CLANG_ENABLE_OBJC_WEAK = YES;
				CLANG_WARN_BLOCK_CAPTURE_AUTORELEASING = YES;
				CLANG_WARN_BOOL_CONVERSION = YES;
				CLANG_WARN_COMMA = YES;
				CLANG_WARN_CONSTANT_CONVERSION = YES;
				CLANG_WARN_DEPRECATED_OBJC_IMPLEMENTATIONS = YES;
				CLANG_WARN_DIRECT_OBJC_ISA_USAGE = YES_ERROR;
				CLANG_WARN_DOCUMENTATION_COMMENTS = YES;
				CLANG_WARN_EMPTY_BODY = YES;
				CLANG_WARN_ENUM_CONVERSION = YES;
				CLANG_WARN_INFINITE_RECURSION = YES;
				CLANG_WARN_INT_CONVERSION = YES;
				CLANG_WARN_NON_LITERAL_NULL_CONVERSION = YES;
				CLANG_WARN_OBJC_IMPLICIT_RETAIN_SELF = YES;
				CLANG_WARN_OBJC_LITERAL_CONVERSION = YES;
				CLANG_WARN_OBJC_ROOT_CLASS = YES_ERROR;
				CLANG_WARN_RANGE_LOOP_ANALYSIS = YES;
				CLANG_WARN_STRICT_PROTOTYPES = YES;
				CLANG_WARN_SUSPICIOUS_MOVE = YES;
				CLANG_WARN_UNGUARDED_AVAILABILITY = YES_AGGRESSIVE;
				CLANG_WARN_UNREACHABLE_CODE = YES;
				CLANG_WARN__DUPLICATE_METHOD_MATCH = YES;
				CODE_SIGN_IDENTITY = "iPhone Developer";
				COPY_PHASE_STRIP = NO;
				DEBUG_INFORMATION_FORMAT = "dwarf-with-dsym";
				ENABLE_NS_ASSERTIONS = NO;
				ENABLE_STRICT_OBJC_MSGSEND = YES;
				GCC_C_LANGUAGE_STANDARD = gnu11;
				GCC_NO_COMMON_BLOCKS = YES;
				GCC_WARN_64_TO_32_BIT_CONVERSION = YES;
				GCC_WARN_ABOUT_RETURN_TYPE = YES_ERROR;
				GCC_WARN_UNDECLARED_SELECTOR = YES;
				GCC_WARN_UNINITIALIZED_AUTOS = YES_AGGRESSIVE;
				GCC_WARN_UNUSED_FUNCTION = YES;
				GCC_WARN_UNUSED_VARIABLE = YES;
				IPHONEOS_DEPLOYMENT_TARGET = 11.3;
				MTL_ENABLE_DEBUG_INFO = NO;
				SDKROOT = iphoneos;
				SWIFT_COMPILATION_MODE = wholemodule;
				SWIFT_OPTIMIZATION_LEVEL = "-O";
				VALIDATE_PRODUCT = YES;
			};
			name = Release;
		};
		4E98EF1721628051001C8234 /* Debug */ = {
			isa = XCBuildConfiguration;
			buildSettings = {
				ASSETCATALOG_COMPILER_APPICON_NAME = AppIcon;
				CODE_SIGN_STYLE = Automatic;
				DEVELOPMENT_TEAM = 68V56HQ8FS;
				INFOPLIST_FILE = "GitHub API Swift/Info.plist";
				LD_RUNPATH_SEARCH_PATHS = (
					"$(inherited)",
					"@executable_path/Frameworks",
				);
				PRODUCT_BUNDLE_IDENTIFIER = "com.Andreas-Velounias.GitHub-API-Swift";
				PRODUCT_NAME = "$(TARGET_NAME)";
				SWIFT_VERSION = 4.0;
				TARGETED_DEVICE_FAMILY = "1,2";
			};
			name = Debug;
		};
		4E98EF1821628051001C8234 /* Release */ = {
			isa = XCBuildConfiguration;
			buildSettings = {
				ASSETCATALOG_COMPILER_APPICON_NAME = AppIcon;
				CODE_SIGN_STYLE = Automatic;
				DEVELOPMENT_TEAM = 68V56HQ8FS;
				INFOPLIST_FILE = "GitHub API Swift/Info.plist";
				LD_RUNPATH_SEARCH_PATHS = (
					"$(inherited)",
					"@executable_path/Frameworks",
				);
				PRODUCT_BUNDLE_IDENTIFIER = "com.Andreas-Velounias.GitHub-API-Swift";
				PRODUCT_NAME = "$(TARGET_NAME)";
				SWIFT_VERSION = 4.0;
				TARGETED_DEVICE_FAMILY = "1,2";
			};
			name = Release;
		};
/* End XCBuildConfiguration section */

/* Begin XCConfigurationList section */
		4E98EEFF2162804E001C8234 /* Build configuration list for PBXProject "GitHub API Swift" */ = {
			isa = XCConfigurationList;
			buildConfigurations = (
				4E98EF1421628051001C8234 /* Debug */,
				4E98EF1521628051001C8234 /* Release */,
			);
			defaultConfigurationIsVisible = 0;
			defaultConfigurationName = Release;
		};
		4E98EF1621628051001C8234 /* Build configuration list for PBXNativeTarget "GitHub API Swift" */ = {
			isa = XCConfigurationList;
			buildConfigurations = (
				4E98EF1721628051001C8234 /* Debug */,
				4E98EF1821628051001C8234 /* Release */,
			);
			defaultConfigurationIsVisible = 0;
			defaultConfigurationName = Release;
		};
/* End XCConfigurationList section */
	};
	rootObject = 4E98EEFC2162804E001C8234 /* Project object */;
}
